
Microsoft Visual Studio Solution File, Format Version 12.00
# Visual Studio Version 17
VisualStudioVersion = 17.11.35312.102
MinimumVisualStudioVersion = 10.0.40219.1
Project("{9A19103F-16F7-4668-BE54-9A1E7A4F7556}") = "BusinessObject", "BusinessObject\BusinessObject.csproj", "{B857F2FD-9A7B-4136-8752-C5CF489E0D90}"
EndProject
Project("{9A19103F-16F7-4668-BE54-9A1E7A4F7556}") = "DataAccess", "DataAccess\DataAccess.csproj", "{9DD1A59A-D8A3-4F1C-BA13-AE0865AAC440}"
EndProject
Project("{9A19103F-16F7-4668-BE54-9A1E7A4F7556}") = "Repositories", "Repositories\Repositories.csproj", "{C7E8B649-B831-49EB-A1B3-F07D75756717}"
EndProject
Project("{9A19103F-16F7-4668-BE54-9A1E7A4F7556}") = "FormAPI", "FormAPI\FormAPI.csproj", "{ED776D7A-A4CD-4D8A-8744-FADBFB4923F1}"
EndProject
Project("{9A19103F-16F7-4668-BE54-9A1E7A4F7556}") = "FormClient", "FormClient\FormClient.csproj", "{685E2EE5-BB29-49DE-811A-F69B6BBB9F5D}"
EndProject
Global
	GlobalSection(SolutionConfigurationPlatforms) = preSolution
		Debug|Any CPU = Debug|Any CPU
		Release|Any CPU = Release|Any CPU
	EndGlobalSection
	GlobalSection(ProjectConfigurationPlatforms) = postSolution
		{B857F2FD-9A7B-4136-8752-C5CF489E0D90}.Debug|Any CPU.ActiveCfg = Debug|Any CPU
		{B857F2FD-9A7B-4136-8752-C5CF489E0D90}.Debug|Any CPU.Build.0 = Debug|Any CPU
		{B857F2FD-9A7B-4136-8752-C5CF489E0D90}.Release|Any CPU.ActiveCfg = Release|Any CPU
		{B857F2FD-9A7B-4136-8752-C5CF489E0D90}.Release|Any CPU.Build.0 = Release|Any CPU
		{9DD1A59A-D8A3-4F1C-BA13-AE0865AAC440}.Debug|Any CPU.ActiveCfg = Debug|Any CPU
		{9DD1A59A-D8A3-4F1C-BA13-AE0865AAC440}.Debug|Any CPU.Build.0 = Debug|Any CPU
		{9DD1A59A-D8A3-4F1C-BA13-AE0865AAC440}.Release|Any CPU.ActiveCfg = Release|Any CPU
		{9DD1A59A-D8A3-4F1C-BA13-AE0865AAC440}.Release|Any CPU.Build.0 = Release|Any CPU
		{C7E8B649-B831-49EB-A1B3-F07D75756717}.Debug|Any CPU.ActiveCfg = Debug|Any CPU
		{C7E8B649-B831-49EB-A1B3-F07D75756717}.Debug|Any CPU.Build.0 = Debug|Any CPU
		{C7E8B649-B831-49EB-A1B3-F07D75756717}.Release|Any CPU.ActiveCfg = Release|Any CPU
		{C7E8B649-B831-49EB-A1B3-F07D75756717}.Release|Any CPU.Build.0 = Release|Any CPU
		{ED776D7A-A4CD-4D8A-8744-FADBFB4923F1}.Debug|Any CPU.ActiveCfg = Debug|Any CPU
		{ED776D7A-A4CD-4D8A-8744-FADBFB4923F1}.Debug|Any CPU.Build.0 = Debug|Any CPU
		{ED776D7A-A4CD-4D8A-8744-FADBFB4923F1}.Release|Any CPU.ActiveCfg = Release|Any CPU
		{ED776D7A-A4CD-4D8A-8744-FADBFB4923F1}.Release|Any CPU.Build.0 = Release|Any CPU
		{685E2EE5-BB29-49DE-811A-F69B6BBB9F5D}.Debug|Any CPU.ActiveCfg = Debug|Any CPU
		{685E2EE5-BB29-49DE-811A-F69B6BBB9F5D}.Debug|Any CPU.Build.0 = Debug|Any CPU
		{685E2EE5-BB29-49DE-811A-F69B6BBB9F5D}.Release|Any CPU.ActiveCfg = Release|Any CPU
		{685E2EE5-BB29-49DE-811A-F69B6BBB9F5D}.Release|Any CPU.Build.0 = Release|Any CPU
	EndGlobalSection
	GlobalSection(SolutionProperties) = preSolution
		HideSolutionNode = FALSE
	EndGlobalSection
	GlobalSection(ExtensibilityGlobals) = postSolution
		SolutionGuid = {2EBC164E-0102-4699-87C7-DB3BC844F299}
	EndGlobalSection
EndGlobal
